
Microsoft Visual Studio Solution File, Format Version 12.00
# Visual Studio Version 17
VisualStudioVersion = 17.9.34321.82
MinimumVisualStudioVersion = 10.0.40219.1
Project("{FAE04EC0-301F-11D3-BF4B-00C04F79EFBC}") = "Entities", "Entities\Entities.csproj", "{C50ABBCB-5891-460C-9946-79FA20E5662A}"
EndProject
Project("{FAE04EC0-301F-11D3-BF4B-00C04F79EFBC}") = "DataAccess", "DataAccess\DataAccess.csproj", "{CFA9431E-E9C3-44F4-AAFB-8C26D108EFE0}"
EndProject
Project("{FAE04EC0-301F-11D3-BF4B-00C04F79EFBC}") = "Business", "Business\Business.csproj", "{79E0B91A-6C67-4887-9397-EC787166C94F}"
EndProject
Project("{FAE04EC0-301F-11D3-BF4B-00C04F79EFBC}") = "Core", "Core\Core.csproj", "{4430D030-0B94-46FF-9228-6782CA63F947}"
EndProject
Project("{FAE04EC0-301F-11D3-BF4B-00C04F79EFBC}") = "WebApi", "WebApi\WebApi.csproj", "{C2C13C80-A9BB-4796-B856-9E8C952E7D0E}"
EndProject
Global
	GlobalSection(SolutionConfigurationPlatforms) = preSolution
		Debug|Any CPU = Debug|Any CPU
		Release|Any CPU = Release|Any CPU
	EndGlobalSection
	GlobalSection(ProjectConfigurationPlatforms) = postSolution
		{C50ABBCB-5891-460C-9946-79FA20E5662A}.Debug|Any CPU.ActiveCfg = Debug|Any CPU
		{C50ABBCB-5891-460C-9946-79FA20E5662A}.Debug|Any CPU.Build.0 = Debug|Any CPU
		{C50ABBCB-5891-460C-9946-79FA20E5662A}.Release|Any CPU.ActiveCfg = Release|Any CPU
		{C50ABBCB-5891-460C-9946-79FA20E5662A}.Release|Any CPU.Build.0 = Release|Any CPU
		{CFA9431E-E9C3-44F4-AAFB-8C26D108EFE0}.Debug|Any CPU.ActiveCfg = Debug|Any CPU
		{CFA9431E-E9C3-44F4-AAFB-8C26D108EFE0}.Debug|Any CPU.Build.0 = Debug|Any CPU
		{CFA9431E-E9C3-44F4-AAFB-8C26D108EFE0}.Release|Any CPU.ActiveCfg = Release|Any CPU
		{CFA9431E-E9C3-44F4-AAFB-8C26D108EFE0}.Release|Any CPU.Build.0 = Release|Any CPU
		{79E0B91A-6C67-4887-9397-EC787166C94F}.Debug|Any CPU.ActiveCfg = Debug|Any CPU
		{79E0B91A-6C67-4887-9397-EC787166C94F}.Debug|Any CPU.Build.0 = Debug|Any CPU
		{79E0B91A-6C67-4887-9397-EC787166C94F}.Release|Any CPU.ActiveCfg = Release|Any CPU
		{79E0B91A-6C67-4887-9397-EC787166C94F}.Release|Any CPU.Build.0 = Release|Any CPU
		{4430D030-0B94-46FF-9228-6782CA63F947}.Debug|Any CPU.ActiveCfg = Debug|Any CPU
		{4430D030-0B94-46FF-9228-6782CA63F947}.Debug|Any CPU.Build.0 = Debug|Any CPU
		{4430D030-0B94-46FF-9228-6782CA63F947}.Release|Any CPU.ActiveCfg = Release|Any CPU
		{4430D030-0B94-46FF-9228-6782CA63F947}.Release|Any CPU.Build.0 = Release|Any CPU
		{C2C13C80-A9BB-4796-B856-9E8C952E7D0E}.Debug|Any CPU.ActiveCfg = Debug|Any CPU
		{C2C13C80-A9BB-4796-B856-9E8C952E7D0E}.Debug|Any CPU.Build.0 = Debug|Any CPU
		{C2C13C80-A9BB-4796-B856-9E8C952E7D0E}.Release|Any CPU.ActiveCfg = Release|Any CPU
		{C2C13C80-A9BB-4796-B856-9E8C952E7D0E}.Release|Any CPU.Build.0 = Release|Any CPU
	EndGlobalSection
	GlobalSection(SolutionProperties) = preSolution
		HideSolutionNode = FALSE
	EndGlobalSection
	GlobalSection(ExtensibilityGlobals) = postSolution
		SolutionGuid = {66B3A5DA-1C19-45D3-898D-ADC1B5700A37}
	EndGlobalSection
EndGlobal
